github.com/davecgh/go-spew v1.1.1 h1:vj9j/u1bqnvCEfJOwUhtlOARqs3+rkHYY13jYWTU97c=
github.com/pmezard/go-difflib v1.0.0 h1:4DBwDE0NGyQoBHbLQYPwSUPoCMWR5BEzIk/f1lZbAQM=
github.com/rclone/rclone v1.58.1 h1:2tN+80wz/QNJXKfSg9qZiCU4FtJ66pG4SqTnH2IFAno=
github.com/rclone/rclone v1.58.1/go.mod h1:7c6KgrJER5/XPf2NuNn69u6/L0KOfaAJZ5oPjoxhW8w=
github.com/stretchr/testify v1.7.0 h1:nwc3DEeHmmLAfoZucVR881uASk0Mfjw8xYJ99tb5CcY=
gopkg.in/yaml.v3 v3.0.0-20210107192922-496545a6307b h1:h8qDotaEPuJATrMmW04NCwg7v22aHH28wwpauUhK9Oo=
